
Microsoft Visual Studio Solution File, Format Version 12.00
Project("{FAE04EC0-301F-11D3-BF4B-00C04F79EFBC}") = "Sughd.Auto.Admin", "Sughd.Auto.Admin\Sughd.Auto.Admin.csproj", "{6CB3F25A-84BE-4C3C-B896-C47B02611315}"
EndProject
Project("{FAE04EC0-301F-11D3-BF4B-00C04F79EFBC}") = "MiddlewareBetweenApis", "MiddlewareBetweenApis\MiddlewareBetweenApis.csproj", "{7E038EBA-E012-4DDB-8535-371E4FD05152}"
EndProject
Global
	GlobalSection(SolutionConfigurationPlatforms) = preSolution
		Debug|Any CPU = Debug|Any CPU
		Release|Any CPU = Release|Any CPU
	EndGlobalSection
	GlobalSection(ProjectConfigurationPlatforms) = postSolution
		{6CB3F25A-84BE-4C3C-B896-C47B02611315}.Debug|Any CPU.ActiveCfg = Debug|Any CPU
		{6CB3F25A-84BE-4C3C-B896-C47B02611315}.Debug|Any CPU.Build.0 = Debug|Any CPU
		{6CB3F25A-84BE-4C3C-B896-C47B02611315}.Release|Any CPU.ActiveCfg = Release|Any CPU
		{6CB3F25A-84BE-4C3C-B896-C47B02611315}.Release|Any CPU.Build.0 = Release|Any CPU
		{7E038EBA-E012-4DDB-8535-371E4FD05152}.Debug|Any CPU.ActiveCfg = Debug|Any CPU
		{7E038EBA-E012-4DDB-8535-371E4FD05152}.Debug|Any CPU.Build.0 = Debug|Any CPU
		{7E038EBA-E012-4DDB-8535-371E4FD05152}.Release|Any CPU.ActiveCfg = Release|Any CPU
		{7E038EBA-E012-4DDB-8535-371E4FD05152}.Release|Any CPU.Build.0 = Release|Any CPU
	EndGlobalSection
EndGlobal
